// !$*UTF8*$!
{
	archiveVersion = 1;
	classes = {
	};
	objectVersion = 46;
	objects = {

/* Begin PBXAggregateTarget section */
		"apollo-fetcher::apollo-fetcherPackageTests::ProductTarget" /* apollo-fetcherPackageTests */ = {
			isa = PBXAggregateTarget;
			buildConfigurationList = OBJ_225 /* Build configuration list for PBXAggregateTarget "apollo-fetcherPackageTests" */;
			buildPhases = (
			);
			dependencies = (
				OBJ_228 /* PBXTargetDependency */,
			);
			name = "apollo-fetcherPackageTests";
			productName = "apollo-fetcherPackageTests";
		};
/* End PBXAggregateTarget section */

/* Begin PBXBuildFile section */
		OBJ_111 /* ApolloClient.swift in Sources */ = {isa = PBXBuildFile; fileRef = OBJ_56 /* ApolloClient.swift */; };
		OBJ_112 /* ApolloStore.swift in Sources */ = {isa = PBXBuildFile; fileRef = OBJ_57 /* ApolloStore.swift */; };
		OBJ_113 /* AsynchronousOperation.swift in Sources */ = {isa = PBXBuildFile; fileRef = OBJ_58 /* AsynchronousOperation.swift */; };
		OBJ_114 /* Collections.swift in Sources */ = {isa = PBXBuildFile; fileRef = OBJ_59 /* Collections.swift */; };
		OBJ_115 /* DataLoader.swift in Sources */ = {isa = PBXBuildFile; fileRef = OBJ_60 /* DataLoader.swift */; };
		OBJ_116 /* GraphQLDependencyTracker.swift in Sources */ = {isa = PBXBuildFile; fileRef = OBJ_61 /* GraphQLDependencyTracker.swift */; };
		OBJ_117 /* GraphQLError.swift in Sources */ = {isa = PBXBuildFile; fileRef = OBJ_62 /* GraphQLError.swift */; };
		OBJ_118 /* GraphQLExecutor.swift in Sources */ = {isa = PBXBuildFile; fileRef = OBJ_63 /* GraphQLExecutor.swift */; };
		OBJ_119 /* GraphQLInputValue.swift in Sources */ = {isa = PBXBuildFile; fileRef = OBJ_64 /* GraphQLInputValue.swift */; };
		OBJ_120 /* GraphQLOperation.swift in Sources */ = {isa = PBXBuildFile; fileRef = OBJ_65 /* GraphQLOperation.swift */; };
		OBJ_121 /* GraphQLQueryWatcher.swift in Sources */ = {isa = PBXBuildFile; fileRef = OBJ_66 /* GraphQLQueryWatcher.swift */; };
		OBJ_122 /* GraphQLResponse.swift in Sources */ = {isa = PBXBuildFile; fileRef = OBJ_67 /* GraphQLResponse.swift */; };
		OBJ_123 /* GraphQLResponseGenerator.swift in Sources */ = {isa = PBXBuildFile; fileRef = OBJ_68 /* GraphQLResponseGenerator.swift */; };
		OBJ_124 /* GraphQLResult.swift in Sources */ = {isa = PBXBuildFile; fileRef = OBJ_69 /* GraphQLResult.swift */; };
		OBJ_125 /* GraphQLResultAccumulator.swift in Sources */ = {isa = PBXBuildFile; fileRef = OBJ_70 /* GraphQLResultAccumulator.swift */; };
		OBJ_126 /* GraphQLResultNormalizer.swift in Sources */ = {isa = PBXBuildFile; fileRef = OBJ_71 /* GraphQLResultNormalizer.swift */; };
		OBJ_127 /* GraphQLSelectionSet.swift in Sources */ = {isa = PBXBuildFile; fileRef = OBJ_72 /* GraphQLSelectionSet.swift */; };
		OBJ_128 /* GraphQLSelectionSetMapper.swift in Sources */ = {isa = PBXBuildFile; fileRef = OBJ_73 /* GraphQLSelectionSetMapper.swift */; };
		OBJ_129 /* HTTPNetworkTransport.swift in Sources */ = {isa = PBXBuildFile; fileRef = OBJ_74 /* HTTPNetworkTransport.swift */; };
		OBJ_130 /* InMemoryNormalizedCache.swift in Sources */ = {isa = PBXBuildFile; fileRef = OBJ_75 /* InMemoryNormalizedCache.swift */; };
		OBJ_131 /* JSON.swift in Sources */ = {isa = PBXBuildFile; fileRef = OBJ_76 /* JSON.swift */; };
		OBJ_132 /* JSONSerializationFormat.swift in Sources */ = {isa = PBXBuildFile; fileRef = OBJ_77 /* JSONSerializationFormat.swift */; };
		OBJ_133 /* JSONStandardTypeConversions.swift in Sources */ = {isa = PBXBuildFile; fileRef = OBJ_78 /* JSONStandardTypeConversions.swift */; };
		OBJ_134 /* Locking.swift in Sources */ = {isa = PBXBuildFile; fileRef = OBJ_79 /* Locking.swift */; };
		OBJ_135 /* NetworkTransport.swift in Sources */ = {isa = PBXBuildFile; fileRef = OBJ_80 /* NetworkTransport.swift */; };
		OBJ_136 /* NormalizedCache.swift in Sources */ = {isa = PBXBuildFile; fileRef = OBJ_81 /* NormalizedCache.swift */; };
		OBJ_137 /* Promise.swift in Sources */ = {isa = PBXBuildFile; fileRef = OBJ_82 /* Promise.swift */; };
		OBJ_138 /* Record.swift in Sources */ = {isa = PBXBuildFile; fileRef = OBJ_83 /* Record.swift */; };
		OBJ_139 /* RecordSet.swift in Sources */ = {isa = PBXBuildFile; fileRef = OBJ_84 /* RecordSet.swift */; };
		OBJ_140 /* Result.swift in Sources */ = {isa = PBXBuildFile; fileRef = OBJ_85 /* Result.swift */; };
		OBJ_141 /* ResultOrPromise.swift in Sources */ = {isa = PBXBuildFile; fileRef = OBJ_86 /* ResultOrPromise.swift */; };
		OBJ_142 /* Utilities.swift in Sources */ = {isa = PBXBuildFile; fileRef = OBJ_87 /* Utilities.swift */; };
		OBJ_149 /* Package.swift in Sources */ = {isa = PBXBuildFile; fileRef = OBJ_88 /* Package.swift */; };
		OBJ_155 /* Blob.swift in Sources */ = {isa = PBXBuildFile; fileRef = OBJ_31 /* Blob.swift */; };
		OBJ_156 /* Connection.swift in Sources */ = {isa = PBXBuildFile; fileRef = OBJ_32 /* Connection.swift */; };
		OBJ_157 /* Errors.swift in Sources */ = {isa = PBXBuildFile; fileRef = OBJ_33 /* Errors.swift */; };
		OBJ_158 /* Statement.swift in Sources */ = {isa = PBXBuildFile; fileRef = OBJ_34 /* Statement.swift */; };
		OBJ_159 /* Value.swift in Sources */ = {isa = PBXBuildFile; fileRef = OBJ_35 /* Value.swift */; };
		OBJ_160 /* Cipher.swift in Sources */ = {isa = PBXBuildFile; fileRef = OBJ_37 /* Cipher.swift */; };
		OBJ_161 /* RTree.swift in Sources */ = {isa = PBXBuildFile; fileRef = OBJ_38 /* RTree.swift */; };
		OBJ_162 /* Foundation.swift in Sources */ = {isa = PBXBuildFile; fileRef = OBJ_39 /* Foundation.swift */; };
		OBJ_163 /* Helpers.swift in Sources */ = {isa = PBXBuildFile; fileRef = OBJ_40 /* Helpers.swift */; };
		OBJ_164 /* AggregateFunctions.swift in Sources */ = {isa = PBXBuildFile; fileRef = OBJ_42 /* AggregateFunctions.swift */; };
		OBJ_165 /* Coding.swift in Sources */ = {isa = PBXBuildFile; fileRef = OBJ_43 /* Coding.swift */; };
		OBJ_166 /* Collation.swift in Sources */ = {isa = PBXBuildFile; fileRef = OBJ_44 /* Collation.swift */; };
		OBJ_167 /* CoreFunctions.swift in Sources */ = {isa = PBXBuildFile; fileRef = OBJ_45 /* CoreFunctions.swift */; };
		OBJ_168 /* CustomFunctions.swift in Sources */ = {isa = PBXBuildFile; fileRef = OBJ_46 /* CustomFunctions.swift */; };
		OBJ_169 /* DateAndTimeFunctions.swift in Sources */ = {isa = PBXBuildFile; fileRef = OBJ_47 /* DateAndTimeFunctions.swift */; };
		OBJ_170 /* Expression.swift in Sources */ = {isa = PBXBuildFile; fileRef = OBJ_48 /* Expression.swift */; };
		OBJ_171 /* Operators.swift in Sources */ = {isa = PBXBuildFile; fileRef = OBJ_49 /* Operators.swift */; };
		OBJ_172 /* Query.swift in Sources */ = {isa = PBXBuildFile; fileRef = OBJ_50 /* Query.swift */; };
		OBJ_173 /* Schema.swift in Sources */ = {isa = PBXBuildFile; fileRef = OBJ_51 /* Schema.swift */; };
		OBJ_174 /* Setter.swift in Sources */ = {isa = PBXBuildFile; fileRef = OBJ_52 /* Setter.swift */; };
		OBJ_181 /* Package.swift in Sources */ = {isa = PBXBuildFile; fileRef = OBJ_53 /* Package.swift */; };
		OBJ_187 /* Fetchable.swift in Sources */ = {isa = PBXBuildFile; fileRef = OBJ_9 /* Fetchable.swift */; };
		OBJ_188 /* Performable.swift in Sources */ = {isa = PBXBuildFile; fileRef = OBJ_10 /* Performable.swift */; };
		OBJ_189 /* Querible.swift in Sources */ = {isa = PBXBuildFile; fileRef = OBJ_11 /* Querible.swift */; };
		OBJ_190 /* QueryError.swift in Sources */ = {isa = PBXBuildFile; fileRef = OBJ_12 /* QueryError.swift */; };
		OBJ_191 /* QueryResult.swift in Sources */ = {isa = PBXBuildFile; fileRef = OBJ_13 /* QueryResult.swift */; };
		OBJ_193 /* apollo_mapper.framework in Frameworks */ = {isa = PBXBuildFile; fileRef = "apollo-mapper::apollo-mapper::Product" /* apollo_mapper.framework */; };
		OBJ_194 /* Apollo.framework in Frameworks */ = {isa = PBXBuildFile; fileRef = "Apollo::Apollo::Product" /* Apollo.framework */; };
		OBJ_203 /* SavebleContext.swift in Sources */ = {isa = PBXBuildFile; fileRef = OBJ_15 /* SavebleContext.swift */; };
		OBJ_204 /* StorableFetch.swift in Sources */ = {isa = PBXBuildFile; fileRef = OBJ_16 /* StorableFetch.swift */; };
		OBJ_205 /* UpdatebleFetch.swift in Sources */ = {isa = PBXBuildFile; fileRef = OBJ_17 /* UpdatebleFetch.swift */; };
		OBJ_207 /* sqlite_helper.framework in Frameworks */ = {isa = PBXBuildFile; fileRef = "sqlite-helper::sqlite-helper::Product" /* sqlite_helper.framework */; };
		OBJ_208 /* SQLite.framework in Frameworks */ = {isa = PBXBuildFile; fileRef = "SQLite.swift::SQLite::Product" /* SQLite.framework */; };
		OBJ_209 /* apollo_fetcher.framework in Frameworks */ = {isa = PBXBuildFile; fileRef = "apollo-fetcher::apollo-fetcher::Product" /* apollo_fetcher.framework */; };
		OBJ_210 /* apollo_mapper.framework in Frameworks */ = {isa = PBXBuildFile; fileRef = "apollo-mapper::apollo-mapper::Product" /* apollo_mapper.framework */; };
		OBJ_211 /* Apollo.framework in Frameworks */ = {isa = PBXBuildFile; fileRef = "Apollo::Apollo::Product" /* Apollo.framework */; };
		OBJ_223 /* Package.swift in Sources */ = {isa = PBXBuildFile; fileRef = OBJ_6 /* Package.swift */; };
		OBJ_234 /* API.swift in Sources */ = {isa = PBXBuildFile; fileRef = OBJ_20 /* API.swift */; };
		OBJ_235 /* apollo_fetcherTests.swift in Sources */ = {isa = PBXBuildFile; fileRef = OBJ_21 /* apollo_fetcherTests.swift */; };
		OBJ_237 /* apollo_fetcher_storable.framework in Frameworks */ = {isa = PBXBuildFile; fileRef = "apollo-fetcher::apollo-fetcher-storable::Product" /* apollo_fetcher_storable.framework */; };
		OBJ_238 /* sqlite_helper.framework in Frameworks */ = {isa = PBXBuildFile; fileRef = "sqlite-helper::sqlite-helper::Product" /* sqlite_helper.framework */; };
		OBJ_239 /* SQLite.framework in Frameworks */ = {isa = PBXBuildFile; fileRef = "SQLite.swift::SQLite::Product" /* SQLite.framework */; };
		OBJ_240 /* apollo_fetcher.framework in Frameworks */ = {isa = PBXBuildFile; fileRef = "apollo-fetcher::apollo-fetcher::Product" /* apollo_fetcher.framework */; };
		OBJ_241 /* apollo_mapper.framework in Frameworks */ = {isa = PBXBuildFile; fileRef = "apollo-mapper::apollo-mapper::Product" /* apollo_mapper.framework */; };
		OBJ_242 /* Apollo.framework in Frameworks */ = {isa = PBXBuildFile; fileRef = "Apollo::Apollo::Product" /* Apollo.framework */; };
		OBJ_253 /* Mappable.swift in Sources */ = {isa = PBXBuildFile; fileRef = OBJ_91 /* Mappable.swift */; };
		OBJ_254 /* Mapper.swift in Sources */ = {isa = PBXBuildFile; fileRef = OBJ_92 /* Mapper.swift */; };
		OBJ_255 /* MapperStorage.swift in Sources */ = {isa = PBXBuildFile; fileRef = OBJ_93 /* MapperStorage.swift */; };
		OBJ_256 /* MapperStorageTransactionSplitter.swift in Sources */ = {isa = PBXBuildFile; fileRef = OBJ_94 /* MapperStorageTransactionSplitter.swift */; };
		OBJ_257 /* MappingError.swift in Sources */ = {isa = PBXBuildFile; fileRef = OBJ_95 /* MappingError.swift */; };
		OBJ_258 /* TransformTypes.swift in Sources */ = {isa = PBXBuildFile; fileRef = OBJ_96 /* TransformTypes.swift */; };
		OBJ_265 /* Package.swift in Sources */ = {isa = PBXBuildFile; fileRef = OBJ_97 /* Package.swift */; };
		OBJ_270 /* Storable.swift in Sources */ = {isa = PBXBuildFile; fileRef = OBJ_25 /* Storable.swift */; };
		OBJ_271 /* Storege.swift in Sources */ = {isa = PBXBuildFile; fileRef = OBJ_26 /* Storege.swift */; };
		OBJ_273 /* apollo_mapper.framework in Frameworks */ = {isa = PBXBuildFile; fileRef = "apollo-mapper::apollo-mapper::Product" /* apollo_mapper.framework */; };
		OBJ_274 /* SQLite.framework in Frameworks */ = {isa = PBXBuildFile; fileRef = "SQLite.swift::SQLite::Product" /* SQLite.framework */; };
		OBJ_282 /* Package.swift in Sources */ = {isa = PBXBuildFile; fileRef = OBJ_27 /* Package.swift */; };
/* End PBXBuildFile section */

/* Begin PBXContainerItemProxy section */
		155AA10020891B8C00CF0872 /* PBXContainerItemProxy */ = {
			isa = PBXContainerItemProxy;
			containerPortal = OBJ_1 /* Project object */;
			proxyType = 1;
			remoteGlobalIDString = "sqlite-helper::sqlite-helper";
			remoteInfo = "sqlite-helper";
		};
		155AA10120891B8C00CF0872 /* PBXContainerItemProxy */ = {
			isa = PBXContainerItemProxy;
			containerPortal = OBJ_1 /* Project object */;
			proxyType = 1;
			remoteGlobalIDString = "apollo-mapper::apollo-mapper";
			remoteInfo = "apollo-mapper";
		};
		155AA10220891B8C00CF0872 /* PBXContainerItemProxy */ = {
			isa = PBXContainerItemProxy;
			containerPortal = OBJ_1 /* Project object */;
			proxyType = 1;
			remoteGlobalIDString = "SQLite.swift::SQLite";
			remoteInfo = SQLite;
		};
		155AA10320891B8C00CF0872 /* PBXContainerItemProxy */ = {
			isa = PBXContainerItemProxy;
			containerPortal = OBJ_1 /* Project object */;
			proxyType = 1;
			remoteGlobalIDString = "SQLite.swift::SQLite";
			remoteInfo = SQLite;
		};
		155AA10420891B8C00CF0872 /* PBXContainerItemProxy */ = {
			isa = PBXContainerItemProxy;
			containerPortal = OBJ_1 /* Project object */;
			proxyType = 1;
			remoteGlobalIDString = "apollo-fetcher::apollo-fetcher";
			remoteInfo = "apollo-fetcher";
		};
		155AA10520891B8C00CF0872 /* PBXContainerItemProxy */ = {
			isa = PBXContainerItemProxy;
			containerPortal = OBJ_1 /* Project object */;
			proxyType = 1;
			remoteGlobalIDString = "apollo-mapper::apollo-mapper";
			remoteInfo = "apollo-mapper";
		};
		155AA10620891B8C00CF0872 /* PBXContainerItemProxy */ = {
			isa = PBXContainerItemProxy;
			containerPortal = OBJ_1 /* Project object */;
			proxyType = 1;
			remoteGlobalIDString = "Apollo::Apollo";
			remoteInfo = Apollo;
		};
		155AA10720891B8C00CF0872 /* PBXContainerItemProxy */ = {
			isa = PBXContainerItemProxy;
			containerPortal = OBJ_1 /* Project object */;
			proxyType = 1;
			remoteGlobalIDString = "apollo-mapper::apollo-mapper";
			remoteInfo = "apollo-mapper";
		};
		155AA10820891B8C00CF0872 /* PBXContainerItemProxy */ = {
			isa = PBXContainerItemProxy;
			containerPortal = OBJ_1 /* Project object */;
			proxyType = 1;
			remoteGlobalIDString = "Apollo::Apollo";
			remoteInfo = Apollo;
		};
		155AA10920891B8C00CF0872 /* PBXContainerItemProxy */ = {
			isa = PBXContainerItemProxy;
			containerPortal = OBJ_1 /* Project object */;
			proxyType = 1;
			remoteGlobalIDString = "apollo-fetcher::apollo-fetcher-storable";
			remoteInfo = "apollo-fetcher-storable";
		};
		155AA10A20891B8C00CF0872 /* PBXContainerItemProxy */ = {
			isa = PBXContainerItemProxy;
			containerPortal = OBJ_1 /* Project object */;
			proxyType = 1;
			remoteGlobalIDString = "sqlite-helper::sqlite-helper";
			remoteInfo = "sqlite-helper";
		};
		155AA10B20891B8C00CF0872 /* PBXContainerItemProxy */ = {
			isa = PBXContainerItemProxy;
			containerPortal = OBJ_1 /* Project object */;
			proxyType = 1;
			remoteGlobalIDString = "SQLite.swift::SQLite";
			remoteInfo = SQLite;
		};
		155AA10C20891B8C00CF0872 /* PBXContainerItemProxy */ = {
			isa = PBXContainerItemProxy;
			containerPortal = OBJ_1 /* Project object */;
			proxyType = 1;
			remoteGlobalIDString = "apollo-fetcher::apollo-fetcher";
			remoteInfo = "apollo-fetcher";
		};
		155AA10D20891B8C00CF0872 /* PBXContainerItemProxy */ = {
			isa = PBXContainerItemProxy;
			containerPortal = OBJ_1 /* Project object */;
			proxyType = 1;
			remoteGlobalIDString = "apollo-mapper::apollo-mapper";
			remoteInfo = "apollo-mapper";
		};
		155AA10E20891B8C00CF0872 /* PBXContainerItemProxy */ = {
			isa = PBXContainerItemProxy;
			containerPortal = OBJ_1 /* Project object */;
			proxyType = 1;
			remoteGlobalIDString = "Apollo::Apollo";
			remoteInfo = Apollo;
		};
		155AA10F20891B8E00CF0872 /* PBXContainerItemProxy */ = {
			isa = PBXContainerItemProxy;
			containerPortal = OBJ_1 /* Project object */;
			proxyType = 1;
			remoteGlobalIDString = "apollo-fetcher::apollo-fetcherTests";
			remoteInfo = "apollo-fetcherTests";
		};
/* End PBXContainerItemProxy section */

/* Begin PBXFileReference section */
		"Apollo::Apollo::Product" /* Apollo.framework */ = {isa = PBXFileReference; explicitFileType = wrapper.framework; path = Apollo.framework; sourceTree = BUILT_PRODUCTS_DIR; };
		OBJ_10 /* Performable.swift */ = {isa = PBXFileReference; lastKnownFileType = sourcecode.swift; path = Performable.swift; sourceTree = "<group>"; };
		OBJ_11 /* Querible.swift */ = {isa = PBXFileReference; lastKnownFileType = sourcecode.swift; path = Querible.swift; sourceTree = "<group>"; };
		OBJ_12 /* QueryError.swift */ = {isa = PBXFileReference; lastKnownFileType = sourcecode.swift; path = QueryError.swift; sourceTree = "<group>"; };
		OBJ_13 /* QueryResult.swift */ = {isa = PBXFileReference; lastKnownFileType = sourcecode.swift; path = QueryResult.swift; sourceTree = "<group>"; };
		OBJ_15 /* SavebleContext.swift */ = {isa = PBXFileReference; lastKnownFileType = sourcecode.swift; path = SavebleContext.swift; sourceTree = "<group>"; };
		OBJ_16 /* StorableFetch.swift */ = {isa = PBXFileReference; lastKnownFileType = sourcecode.swift; path = StorableFetch.swift; sourceTree = "<group>"; };
		OBJ_17 /* UpdatebleFetch.swift */ = {isa = PBXFileReference; lastKnownFileType = sourcecode.swift; path = UpdatebleFetch.swift; sourceTree = "<group>"; };
		OBJ_20 /* API.swift */ = {isa = PBXFileReference; lastKnownFileType = sourcecode.swift; path = API.swift; sourceTree = "<group>"; };
		OBJ_21 /* apollo_fetcherTests.swift */ = {isa = PBXFileReference; lastKnownFileType = sourcecode.swift; path = apollo_fetcherTests.swift; sourceTree = "<group>"; };
		OBJ_25 /* Storable.swift */ = {isa = PBXFileReference; lastKnownFileType = sourcecode.swift; path = Storable.swift; sourceTree = "<group>"; };
		OBJ_26 /* Storege.swift */ = {isa = PBXFileReference; lastKnownFileType = sourcecode.swift; path = Storege.swift; sourceTree = "<group>"; };
		OBJ_27 /* Package.swift */ = {isa = PBXFileReference; explicitFileType = sourcecode.swift; name = Package.swift; path = "/Users/lumyk/ios/apollo-fetcher/.build/checkouts/sqlite-helper.git--6476603957323312601/Package.swift"; sourceTree = "<group>"; };
		OBJ_31 /* Blob.swift */ = {isa = PBXFileReference; lastKnownFileType = sourcecode.swift; path = Blob.swift; sourceTree = "<group>"; };
		OBJ_32 /* Connection.swift */ = {isa = PBXFileReference; lastKnownFileType = sourcecode.swift; path = Connection.swift; sourceTree = "<group>"; };
		OBJ_33 /* Errors.swift */ = {isa = PBXFileReference; lastKnownFileType = sourcecode.swift; path = Errors.swift; sourceTree = "<group>"; };
		OBJ_34 /* Statement.swift */ = {isa = PBXFileReference; lastKnownFileType = sourcecode.swift; path = Statement.swift; sourceTree = "<group>"; };
		OBJ_35 /* Value.swift */ = {isa = PBXFileReference; lastKnownFileType = sourcecode.swift; path = Value.swift; sourceTree = "<group>"; };
		OBJ_37 /* Cipher.swift */ = {isa = PBXFileReference; lastKnownFileType = sourcecode.swift; path = Cipher.swift; sourceTree = "<group>"; };
		OBJ_38 /* RTree.swift */ = {isa = PBXFileReference; lastKnownFileType = sourcecode.swift; path = RTree.swift; sourceTree = "<group>"; };
		OBJ_39 /* Foundation.swift */ = {isa = PBXFileReference; lastKnownFileType = sourcecode.swift; path = Foundation.swift; sourceTree = "<group>"; };
		OBJ_40 /* Helpers.swift */ = {isa = PBXFileReference; lastKnownFileType = sourcecode.swift; path = Helpers.swift; sourceTree = "<group>"; };
		OBJ_42 /* AggregateFunctions.swift */ = {isa = PBXFileReference; lastKnownFileType = sourcecode.swift; path = AggregateFunctions.swift; sourceTree = "<group>"; };
		OBJ_43 /* Coding.swift */ = {isa = PBXFileReference; lastKnownFileType = sourcecode.swift; path = Coding.swift; sourceTree = "<group>"; };
		OBJ_44 /* Collation.swift */ = {isa = PBXFileReference; lastKnownFileType = sourcecode.swift; path = Collation.swift; sourceTree = "<group>"; };
		OBJ_45 /* CoreFunctions.swift */ = {isa = PBXFileReference; lastKnownFileType = sourcecode.swift; path = CoreFunctions.swift; sourceTree = "<group>"; };
		OBJ_46 /* CustomFunctions.swift */ = {isa = PBXFileReference; lastKnownFileType = sourcecode.swift; path = CustomFunctions.swift; sourceTree = "<group>"; };
		OBJ_47 /* DateAndTimeFunctions.swift */ = {isa = PBXFileReference; lastKnownFileType = sourcecode.swift; path = DateAndTimeFunctions.swift; sourceTree = "<group>"; };
		OBJ_48 /* Expression.swift */ = {isa = PBXFileReference; lastKnownFileType = sourcecode.swift; path = Expression.swift; sourceTree = "<group>"; };
		OBJ_49 /* Operators.swift */ = {isa = PBXFileReference; lastKnownFileType = sourcecode.swift; path = Operators.swift; sourceTree = "<group>"; };
		OBJ_50 /* Query.swift */ = {isa = PBXFileReference; lastKnownFileType = sourcecode.swift; path = Query.swift; sourceTree = "<group>"; };
		OBJ_51 /* Schema.swift */ = {isa = PBXFileReference; lastKnownFileType = sourcecode.swift; path = Schema.swift; sourceTree = "<group>"; };
		OBJ_52 /* Setter.swift */ = {isa = PBXFileReference; lastKnownFileType = sourcecode.swift; path = Setter.swift; sourceTree = "<group>"; };
		OBJ_53 /* Package.swift */ = {isa = PBXFileReference; explicitFileType = sourcecode.swift; name = Package.swift; path = "/Users/lumyk/ios/apollo-fetcher/.build/checkouts/SQLite.swift.git-8114070988165065241/Package.swift"; sourceTree = "<group>"; };
		OBJ_56 /* ApolloClient.swift */ = {isa = PBXFileReference; lastKnownFileType = sourcecode.swift; path = ApolloClient.swift; sourceTree = "<group>"; };
		OBJ_57 /* ApolloStore.swift */ = {isa = PBXFileReference; lastKnownFileType = sourcecode.swift; path = ApolloStore.swift; sourceTree = "<group>"; };
		OBJ_58 /* AsynchronousOperation.swift */ = {isa = PBXFileReference; lastKnownFileType = sourcecode.swift; path = AsynchronousOperation.swift; sourceTree = "<group>"; };
		OBJ_59 /* Collections.swift */ = {isa = PBXFileReference; lastKnownFileType = sourcecode.swift; path = Collections.swift; sourceTree = "<group>"; };
		OBJ_6 /* Package.swift */ = {isa = PBXFileReference; explicitFileType = sourcecode.swift; path = Package.swift; sourceTree = "<group>"; };
		OBJ_60 /* DataLoader.swift */ = {isa = PBXFileReference; lastKnownFileType = sourcecode.swift; path = DataLoader.swift; sourceTree = "<group>"; };
		OBJ_61 /* GraphQLDependencyTracker.swift */ = {isa = PBXFileReference; lastKnownFileType = sourcecode.swift; path = GraphQLDependencyTracker.swift; sourceTree = "<group>"; };
		OBJ_62 /* GraphQLError.swift */ = {isa = PBXFileReference; lastKnownFileType = sourcecode.swift; path = GraphQLError.swift; sourceTree = "<group>"; };
		OBJ_63 /* GraphQLExecutor.swift */ = {isa = PBXFileReference; lastKnownFileType = sourcecode.swift; path = GraphQLExecutor.swift; sourceTree = "<group>"; };
		OBJ_64 /* GraphQLInputValue.swift */ = {isa = PBXFileReference; lastKnownFileType = sourcecode.swift; path = GraphQLInputValue.swift; sourceTree = "<group>"; };
		OBJ_65 /* GraphQLOperation.swift */ = {isa = PBXFileReference; lastKnownFileType = sourcecode.swift; path = GraphQLOperation.swift; sourceTree = "<group>"; };
		OBJ_66 /* GraphQLQueryWatcher.swift */ = {isa = PBXFileReference; lastKnownFileType = sourcecode.swift; path = GraphQLQueryWatcher.swift; sourceTree = "<group>"; };
		OBJ_67 /* GraphQLResponse.swift */ = {isa = PBXFileReference; lastKnownFileType = sourcecode.swift; path = GraphQLResponse.swift; sourceTree = "<group>"; };
		OBJ_68 /* GraphQLResponseGenerator.swift */ = {isa = PBXFileReference; lastKnownFileType = sourcecode.swift; path = GraphQLResponseGenerator.swift; sourceTree = "<group>"; };
		OBJ_69 /* GraphQLResult.swift */ = {isa = PBXFileReference; lastKnownFileType = sourcecode.swift; path = GraphQLResult.swift; sourceTree = "<group>"; };
		OBJ_70 /* GraphQLResultAccumulator.swift */ = {isa = PBXFileReference; lastKnownFileType = sourcecode.swift; path = GraphQLResultAccumulator.swift; sourceTree = "<group>"; };
		OBJ_71 /* GraphQLResultNormalizer.swift */ = {isa = PBXFileReference; lastKnownFileType = sourcecode.swift; path = GraphQLResultNormalizer.swift; sourceTree = "<group>"; };
		OBJ_72 /* GraphQLSelectionSet.swift */ = {isa = PBXFileReference; lastKnownFileType = sourcecode.swift; path = GraphQLSelectionSet.swift; sourceTree = "<group>"; };
		OBJ_73 /* GraphQLSelectionSetMapper.swift */ = {isa = PBXFileReference; lastKnownFileType = sourcecode.swift; path = GraphQLSelectionSetMapper.swift; sourceTree = "<group>"; };
		OBJ_74 /* HTTPNetworkTransport.swift */ = {isa = PBXFileReference; lastKnownFileType = sourcecode.swift; path = HTTPNetworkTransport.swift; sourceTree = "<group>"; };
		OBJ_75 /* InMemoryNormalizedCache.swift */ = {isa = PBXFileReference; lastKnownFileType = sourcecode.swift; path = InMemoryNormalizedCache.swift; sourceTree = "<group>"; };
		OBJ_76 /* JSON.swift */ = {isa = PBXFileReference; lastKnownFileType = sourcecode.swift; path = JSON.swift; sourceTree = "<group>"; };
		OBJ_77 /* JSONSerializationFormat.swift */ = {isa = PBXFileReference; lastKnownFileType = sourcecode.swift; path = JSONSerializationFormat.swift; sourceTree = "<group>"; };
		OBJ_78 /* JSONStandardTypeConversions.swift */ = {isa = PBXFileReference; lastKnownFileType = sourcecode.swift; path = JSONStandardTypeConversions.swift; sourceTree = "<group>"; };
		OBJ_79 /* Locking.swift */ = {isa = PBXFileReference; lastKnownFileType = sourcecode.swift; path = Locking.swift; sourceTree = "<group>"; };
		OBJ_80 /* NetworkTransport.swift */ = {isa = PBXFileReference; lastKnownFileType = sourcecode.swift; path = NetworkTransport.swift; sourceTree = "<group>"; };
		OBJ_81 /* NormalizedCache.swift */ = {isa = PBXFileReference; lastKnownFileType = sourcecode.swift; path = NormalizedCache.swift; sourceTree = "<group>"; };
		OBJ_82 /* Promise.swift */ = {isa = PBXFileReference; lastKnownFileType = sourcecode.swift; path = Promise.swift; sourceTree = "<group>"; };
		OBJ_83 /* Record.swift */ = {isa = PBXFileReference; lastKnownFileType = sourcecode.swift; path = Record.swift; sourceTree = "<group>"; };
		OBJ_84 /* RecordSet.swift */ = {isa = PBXFileReference; lastKnownFileType = sourcecode.swift; path = RecordSet.swift; sourceTree = "<group>"; };
		OBJ_85 /* Result.swift */ = {isa = PBXFileReference; lastKnownFileType = sourcecode.swift; path = Result.swift; sourceTree = "<group>"; };
		OBJ_86 /* ResultOrPromise.swift */ = {isa = PBXFileReference; lastKnownFileType = sourcecode.swift; path = ResultOrPromise.swift; sourceTree = "<group>"; };
		OBJ_87 /* Utilities.swift */ = {isa = PBXFileReference; lastKnownFileType = sourcecode.swift; path = Utilities.swift; sourceTree = "<group>"; };
		OBJ_88 /* Package.swift */ = {isa = PBXFileReference; explicitFileType = sourcecode.swift; name = Package.swift; path = "/Users/lumyk/ios/apollo-fetcher/.build/checkouts/apollo-ios.git--5909664044935035378/Package.swift"; sourceTree = "<group>"; };
		OBJ_9 /* Fetchable.swift */ = {isa = PBXFileReference; lastKnownFileType = sourcecode.swift; path = Fetchable.swift; sourceTree = "<group>"; };
		OBJ_91 /* Mappable.swift */ = {isa = PBXFileReference; lastKnownFileType = sourcecode.swift; path = Mappable.swift; sourceTree = "<group>"; };
		OBJ_92 /* Mapper.swift */ = {isa = PBXFileReference; lastKnownFileType = sourcecode.swift; path = Mapper.swift; sourceTree = "<group>"; };
		OBJ_93 /* MapperStorage.swift */ = {isa = PBXFileReference; lastKnownFileType = sourcecode.swift; path = MapperStorage.swift; sourceTree = "<group>"; };
		OBJ_94 /* MapperStorageTransactionSplitter.swift */ = {isa = PBXFileReference; lastKnownFileType = sourcecode.swift; path = MapperStorageTransactionSplitter.swift; sourceTree = "<group>"; };
		OBJ_95 /* MappingError.swift */ = {isa = PBXFileReference; lastKnownFileType = sourcecode.swift; path = MappingError.swift; sourceTree = "<group>"; };
		OBJ_96 /* TransformTypes.swift */ = {isa = PBXFileReference; lastKnownFileType = sourcecode.swift; path = TransformTypes.swift; sourceTree = "<group>"; };
		OBJ_97 /* Package.swift */ = {isa = PBXFileReference; explicitFileType = sourcecode.swift; name = Package.swift; path = "/Users/lumyk/ios/apollo-fetcher/.build/checkouts/apollo-mapper.git-8999720018367238913/Package.swift"; sourceTree = "<group>"; };
		"SQLite.swift::SQLite::Product" /* SQLite.framework */ = {isa = PBXFileReference; explicitFileType = wrapper.framework; path = SQLite.framework; sourceTree = BUILT_PRODUCTS_DIR; };
		"apollo-fetcher::apollo-fetcher-storable::Product" /* apollo_fetcher_storable.framework */ = {isa = PBXFileReference; explicitFileType = wrapper.framework; path = apollo_fetcher_storable.framework; sourceTree = BUILT_PRODUCTS_DIR; };
		"apollo-fetcher::apollo-fetcher::Product" /* apollo_fetcher.framework */ = {isa = PBXFileReference; explicitFileType = wrapper.framework; path = apollo_fetcher.framework; sourceTree = BUILT_PRODUCTS_DIR; };
		"apollo-fetcher::apollo-fetcherTests::Product" /* apollo_fetcherTests.xctest */ = {isa = PBXFileReference; lastKnownFileType = file; name = apollo_fetcherTests.xctest; path = "apollo-fetcherTests.xctest"; sourceTree = BUILT_PRODUCTS_DIR; };
		"apollo-mapper::apollo-mapper::Product" /* apollo_mapper.framework */ = {isa = PBXFileReference; explicitFileType = wrapper.framework; path = apollo_mapper.framework; sourceTree = BUILT_PRODUCTS_DIR; };
		"sqlite-helper::sqlite-helper::Product" /* sqlite_helper.framework */ = {isa = PBXFileReference; explicitFileType = wrapper.framework; path = sqlite_helper.framework; sourceTree = BUILT_PRODUCTS_DIR; };
/* End PBXFileReference section */

/* Begin PBXFrameworksBuildPhase section */
		OBJ_143 /* Frameworks */ = {
			isa = PBXFrameworksBuildPhase;
			buildActionMask = 0;
			files = (
			);
			runOnlyForDeploymentPostprocessing = 0;
		};
		OBJ_175 /* Frameworks */ = {
			isa = PBXFrameworksBuildPhase;
			buildActionMask = 0;
			files = (
			);
			runOnlyForDeploymentPostprocessing = 0;
		};
		OBJ_192 /* Frameworks */ = {
			isa = PBXFrameworksBuildPhase;
			buildActionMask = 0;
			files = (
				OBJ_193 /* apollo_mapper.framework in Frameworks */,
				OBJ_194 /* Apollo.framework in Frameworks */,
			);
			runOnlyForDeploymentPostprocessing = 0;
		};
		OBJ_206 /* Frameworks */ = {
			isa = PBXFrameworksBuildPhase;
			buildActionMask = 0;
			files = (
				OBJ_207 /* sqlite_helper.framework in Frameworks */,
				OBJ_208 /* SQLite.framework in Frameworks */,
				OBJ_209 /* apollo_fetcher.framework in Frameworks */,
				OBJ_210 /* apollo_mapper.framework in Frameworks */,
				OBJ_211 /* Apollo.framework in Frameworks */,
			);
			runOnlyForDeploymentPostprocessing = 0;
		};
		OBJ_236 /* Frameworks */ = {
			isa = PBXFrameworksBuildPhase;
			buildActionMask = 0;
			files = (
				OBJ_237 /* apollo_fetcher_storable.framework in Frameworks */,
				OBJ_238 /* sqlite_helper.framework in Frameworks */,
				OBJ_239 /* SQLite.framework in Frameworks */,
				OBJ_240 /* apollo_fetcher.framework in Frameworks */,
				OBJ_241 /* apollo_mapper.framework in Frameworks */,
				OBJ_242 /* Apollo.framework in Frameworks */,
			);
			runOnlyForDeploymentPostprocessing = 0;
		};
		OBJ_259 /* Frameworks */ = {
			isa = PBXFrameworksBuildPhase;
			buildActionMask = 0;
			files = (
			);
			runOnlyForDeploymentPostprocessing = 0;
		};
		OBJ_272 /* Frameworks */ = {
			isa = PBXFrameworksBuildPhase;
			buildActionMask = 0;
			files = (
				OBJ_273 /* apollo_mapper.framework in Frameworks */,
				OBJ_274 /* SQLite.framework in Frameworks */,
			);
			runOnlyForDeploymentPostprocessing = 0;
		};
/* End PBXFrameworksBuildPhase section */

/* Begin PBXGroup section */
		OBJ_14 /* apollo-fetcher-storable */ = {
			isa = PBXGroup;
			children = (
				OBJ_15 /* SavebleContext.swift */,
				OBJ_16 /* StorableFetch.swift */,
				OBJ_17 /* UpdatebleFetch.swift */,
			);
			name = "apollo-fetcher-storable";
			path = "Sources/apollo-fetcher-storable";
			sourceTree = SOURCE_ROOT;
		};
		OBJ_18 /* Tests */ = {
			isa = PBXGroup;
			children = (
				OBJ_19 /* apollo-fetcherTests */,
			);
			name = Tests;
			sourceTree = SOURCE_ROOT;
		};
		OBJ_19 /* apollo-fetcherTests */ = {
			isa = PBXGroup;
			children = (
				OBJ_20 /* API.swift */,
				OBJ_21 /* apollo_fetcherTests.swift */,
			);
			name = "apollo-fetcherTests";
			path = "Tests/apollo-fetcherTests";
			sourceTree = SOURCE_ROOT;
		};
		OBJ_22 /* Dependencies */ = {
			isa = PBXGroup;
			children = (
				OBJ_23 /* sqlite-helper 0.0.6 */,
				OBJ_28 /* SQLite.swift 0.11.5 */,
				OBJ_54 /* Apollo 0.8.0 */,
				OBJ_89 /* apollo-mapper 0.0.5 */,
			);
			name = Dependencies;
			sourceTree = "<group>";
		};
		OBJ_23 /* sqlite-helper 0.0.6 */ = {
			isa = PBXGroup;
			children = (
				OBJ_24 /* sqlite-helper */,
				OBJ_27 /* Package.swift */,
			);
			name = "sqlite-helper 0.0.6";
			sourceTree = SOURCE_ROOT;
		};
		OBJ_24 /* sqlite-helper */ = {
			isa = PBXGroup;
			children = (
				OBJ_25 /* Storable.swift */,
				OBJ_26 /* Storege.swift */,
			);
			name = "sqlite-helper";
			path = ".build/checkouts/sqlite-helper.git--6476603957323312601/Sources/sqlite-helper";
			sourceTree = SOURCE_ROOT;
		};
		OBJ_28 /* SQLite.swift 0.11.5 */ = {
			isa = PBXGroup;
			children = (
				OBJ_29 /* SQLite */,
				OBJ_53 /* Package.swift */,
			);
			name = "SQLite.swift 0.11.5";
			sourceTree = SOURCE_ROOT;
		};
		OBJ_29 /* SQLite */ = {
			isa = PBXGroup;
			children = (
				OBJ_30 /* Core */,
				OBJ_36 /* Extensions */,
				OBJ_39 /* Foundation.swift */,
				OBJ_40 /* Helpers.swift */,
				OBJ_41 /* Typed */,
			);
			name = SQLite;
			path = ".build/checkouts/SQLite.swift.git-8114070988165065241/Sources/SQLite";
			sourceTree = SOURCE_ROOT;
		};
		OBJ_30 /* Core */ = {
			isa = PBXGroup;
			children = (
				OBJ_31 /* Blob.swift */,
				OBJ_32 /* Connection.swift */,
				OBJ_33 /* Errors.swift */,
				OBJ_34 /* Statement.swift */,
				OBJ_35 /* Value.swift */,
			);
			path = Core;
			sourceTree = "<group>";
		};
		OBJ_36 /* Extensions */ = {
			isa = PBXGroup;
			children = (
				OBJ_37 /* Cipher.swift */,
				OBJ_38 /* RTree.swift */,
			);
			path = Extensions;
			sourceTree = "<group>";
		};
		OBJ_41 /* Typed */ = {
			isa = PBXGroup;
			children = (
				OBJ_42 /* AggregateFunctions.swift */,
				OBJ_43 /* Coding.swift */,
				OBJ_44 /* Collation.swift */,
				OBJ_45 /* CoreFunctions.swift */,
				OBJ_46 /* CustomFunctions.swift */,
				OBJ_47 /* DateAndTimeFunctions.swift */,
				OBJ_48 /* Expression.swift */,
				OBJ_49 /* Operators.swift */,
				OBJ_50 /* Query.swift */,
				OBJ_51 /* Schema.swift */,
				OBJ_52 /* Setter.swift */,
			);
			path = Typed;
			sourceTree = "<group>";
		};
		OBJ_5 /*  */ = {
			isa = PBXGroup;
			children = (
				OBJ_6 /* Package.swift */,
				OBJ_7 /* Sources */,
				OBJ_18 /* Tests */,
				OBJ_22 /* Dependencies */,
				OBJ_98 /* Products */,
			);
			name = "";
			sourceTree = "<group>";
		};
		OBJ_54 /* Apollo 0.8.0 */ = {
			isa = PBXGroup;
			children = (
				OBJ_55 /* Apollo */,
				OBJ_88 /* Package.swift */,
			);
			name = "Apollo 0.8.0";
			sourceTree = SOURCE_ROOT;
		};
		OBJ_55 /* Apollo */ = {
			isa = PBXGroup;
			children = (
				OBJ_56 /* ApolloClient.swift */,
				OBJ_57 /* ApolloStore.swift */,
				OBJ_58 /* AsynchronousOperation.swift */,
				OBJ_59 /* Collections.swift */,
				OBJ_60 /* DataLoader.swift */,
				OBJ_61 /* GraphQLDependencyTracker.swift */,
				OBJ_62 /* GraphQLError.swift */,
				OBJ_63 /* GraphQLExecutor.swift */,
				OBJ_64 /* GraphQLInputValue.swift */,
				OBJ_65 /* GraphQLOperation.swift */,
				OBJ_66 /* GraphQLQueryWatcher.swift */,
				OBJ_67 /* GraphQLResponse.swift */,
				OBJ_68 /* GraphQLResponseGenerator.swift */,
				OBJ_69 /* GraphQLResult.swift */,
				OBJ_70 /* GraphQLResultAccumulator.swift */,
				OBJ_71 /* GraphQLResultNormalizer.swift */,
				OBJ_72 /* GraphQLSelectionSet.swift */,
				OBJ_73 /* GraphQLSelectionSetMapper.swift */,
				OBJ_74 /* HTTPNetworkTransport.swift */,
				OBJ_75 /* InMemoryNormalizedCache.swift */,
				OBJ_76 /* JSON.swift */,
				OBJ_77 /* JSONSerializationFormat.swift */,
				OBJ_78 /* JSONStandardTypeConversions.swift */,
				OBJ_79 /* Locking.swift */,
				OBJ_80 /* NetworkTransport.swift */,
				OBJ_81 /* NormalizedCache.swift */,
				OBJ_82 /* Promise.swift */,
				OBJ_83 /* Record.swift */,
				OBJ_84 /* RecordSet.swift */,
				OBJ_85 /* Result.swift */,
				OBJ_86 /* ResultOrPromise.swift */,
				OBJ_87 /* Utilities.swift */,
			);
			name = Apollo;
			path = ".build/checkouts/apollo-ios.git--5909664044935035378/Sources/Apollo";
			sourceTree = SOURCE_ROOT;
		};
		OBJ_7 /* Sources */ = {
			isa = PBXGroup;
			children = (
				OBJ_8 /* apollo-fetcher */,
				OBJ_14 /* apollo-fetcher-storable */,
			);
			name = Sources;
			sourceTree = SOURCE_ROOT;
		};
		OBJ_8 /* apollo-fetcher */ = {
			isa = PBXGroup;
			children = (
				OBJ_9 /* Fetchable.swift */,
				OBJ_10 /* Performable.swift */,
				OBJ_11 /* Querible.swift */,
				OBJ_12 /* QueryError.swift */,
				OBJ_13 /* QueryResult.swift */,
			);
			name = "apollo-fetcher";
			path = "Sources/apollo-fetcher";
			sourceTree = SOURCE_ROOT;
		};
		OBJ_89 /* apollo-mapper 0.0.5 */ = {
			isa = PBXGroup;
			children = (
				OBJ_90 /* apollo-mapper */,
				OBJ_97 /* Package.swift */,
			);
			name = "apollo-mapper 0.0.5";
			sourceTree = SOURCE_ROOT;
		};
		OBJ_90 /* apollo-mapper */ = {
			isa = PBXGroup;
			children = (
				OBJ_91 /* Mappable.swift */,
				OBJ_92 /* Mapper.swift */,
				OBJ_93 /* MapperStorage.swift */,
				OBJ_94 /* MapperStorageTransactionSplitter.swift */,
				OBJ_95 /* MappingError.swift */,
				OBJ_96 /* TransformTypes.swift */,
			);
			name = "apollo-mapper";
			path = ".build/checkouts/apollo-mapper.git-8999720018367238913/Sources/apollo-mapper";
			sourceTree = SOURCE_ROOT;
		};
		OBJ_98 /* Products */ = {
			isa = PBXGroup;
			children = (
				"apollo-fetcher::apollo-fetcherTests::Product" /* apollo_fetcherTests.xctest */,
				"apollo-fetcher::apollo-fetcher-storable::Product" /* apollo_fetcher_storable.framework */,
				"apollo-mapper::apollo-mapper::Product" /* apollo_mapper.framework */,
				"Apollo::Apollo::Product" /* Apollo.framework */,
				"apollo-fetcher::apollo-fetcher::Product" /* apollo_fetcher.framework */,
				"SQLite.swift::SQLite::Product" /* SQLite.framework */,
				"sqlite-helper::sqlite-helper::Product" /* sqlite_helper.framework */,
			);
			name = Products;
			sourceTree = BUILT_PRODUCTS_DIR;
		};
/* End PBXGroup section */

/* Begin PBXNativeTarget section */
		"Apollo::Apollo" /* Apollo */ = {
			isa = PBXNativeTarget;
			buildConfigurationList = OBJ_107 /* Build configuration list for PBXNativeTarget "Apollo" */;
			buildPhases = (
				OBJ_110 /* Sources */,
				OBJ_143 /* Frameworks */,
			);
			buildRules = (
			);
			dependencies = (
			);
			name = Apollo;
			productName = Apollo;
			productReference = "Apollo::Apollo::Product" /* Apollo.framework */;
			productType = "com.apple.product-type.framework";
		};
		"Apollo::SwiftPMPackageDescription" /* ApolloPackageDescription */ = {
			isa = PBXNativeTarget;
			buildConfigurationList = OBJ_145 /* Build configuration list for PBXNativeTarget "ApolloPackageDescription" */;
			buildPhases = (
				OBJ_148 /* Sources */,
			);
			buildRules = (
			);
			dependencies = (
			);
			name = ApolloPackageDescription;
			productName = ApolloPackageDescription;
			productType = "com.apple.product-type.framework";
		};
		"SQLite.swift::SQLite" /* SQLite */ = {
			isa = PBXNativeTarget;
			buildConfigurationList = OBJ_151 /* Build configuration list for PBXNativeTarget "SQLite" */;
			buildPhases = (
				OBJ_154 /* Sources */,
				OBJ_175 /* Frameworks */,
			);
			buildRules = (
			);
			dependencies = (
			);
			name = SQLite;
			productName = SQLite;
			productReference = "SQLite.swift::SQLite::Product" /* SQLite.framework */;
			productType = "com.apple.product-type.framework";
		};
		"SQLite.swift::SwiftPMPackageDescription" /* SQLite.swiftPackageDescription */ = {
			isa = PBXNativeTarget;
			buildConfigurationList = OBJ_177 /* Build configuration list for PBXNativeTarget "SQLite.swiftPackageDescription" */;
			buildPhases = (
				OBJ_180 /* Sources */,
			);
			buildRules = (
			);
			dependencies = (
			);
			name = SQLite.swiftPackageDescription;
			productName = SQLite.swiftPackageDescription;
			productType = "com.apple.product-type.framework";
		};
		"apollo-fetcher::SwiftPMPackageDescription" /* apollo-fetcherPackageDescription */ = {
			isa = PBXNativeTarget;
			buildConfigurationList = OBJ_219 /* Build configuration list for PBXNativeTarget "apollo-fetcherPackageDescription" */;
			buildPhases = (
				OBJ_222 /* Sources */,
			);
			buildRules = (
			);
			dependencies = (
			);
			name = "apollo-fetcherPackageDescription";
			productName = "apollo-fetcherPackageDescription";
			productType = "com.apple.product-type.framework";
		};
		"apollo-fetcher::apollo-fetcher" /* apollo-fetcher */ = {
			isa = PBXNativeTarget;
			buildConfigurationList = OBJ_183 /* Build configuration list for PBXNativeTarget "apollo-fetcher" */;
			buildPhases = (
				OBJ_186 /* Sources */,
				OBJ_192 /* Frameworks */,
			);
			buildRules = (
			);
			dependencies = (
				OBJ_195 /* PBXTargetDependency */,
				OBJ_197 /* PBXTargetDependency */,
			);
			name = "apollo-fetcher";
			productName = apollo_fetcher;
			productReference = "apollo-fetcher::apollo-fetcher::Product" /* apollo_fetcher.framework */;
			productType = "com.apple.product-type.framework";
		};
		"apollo-fetcher::apollo-fetcher-storable" /* apollo-fetcher-storable */ = {
			isa = PBXNativeTarget;
			buildConfigurationList = OBJ_199 /* Build configuration list for PBXNativeTarget "apollo-fetcher-storable" */;
			buildPhases = (
				OBJ_202 /* Sources */,
				OBJ_206 /* Frameworks */,
			);
			buildRules = (
			);
			dependencies = (
				OBJ_212 /* PBXTargetDependency */,
				OBJ_214 /* PBXTargetDependency */,
				OBJ_215 /* PBXTargetDependency */,
				OBJ_216 /* PBXTargetDependency */,
				OBJ_217 /* PBXTargetDependency */,
			);
			name = "apollo-fetcher-storable";
			productName = apollo_fetcher_storable;
			productReference = "apollo-fetcher::apollo-fetcher-storable::Product" /* apollo_fetcher_storable.framework */;
			productType = "com.apple.product-type.framework";
		};
		"apollo-fetcher::apollo-fetcherTests" /* apollo-fetcherTests */ = {
			isa = PBXNativeTarget;
			buildConfigurationList = OBJ_230 /* Build configuration list for PBXNativeTarget "apollo-fetcherTests" */;
			buildPhases = (
				OBJ_233 /* Sources */,
				OBJ_236 /* Frameworks */,
			);
			buildRules = (
			);
			dependencies = (
				OBJ_243 /* PBXTargetDependency */,
				OBJ_244 /* PBXTargetDependency */,
				OBJ_245 /* PBXTargetDependency */,
				OBJ_246 /* PBXTargetDependency */,
				OBJ_247 /* PBXTargetDependency */,
				OBJ_248 /* PBXTargetDependency */,
			);
			name = "apollo-fetcherTests";
			productName = apollo_fetcherTests;
			productReference = "apollo-fetcher::apollo-fetcherTests::Product" /* apollo_fetcherTests.xctest */;
			productType = "com.apple.product-type.bundle.unit-test";
		};
		"apollo-mapper::SwiftPMPackageDescription" /* apollo-mapperPackageDescription */ = {
			isa = PBXNativeTarget;
			buildConfigurationList = OBJ_261 /* Build configuration list for PBXNativeTarget "apollo-mapperPackageDescription" */;
			buildPhases = (
				OBJ_264 /* Sources */,
			);
			buildRules = (
			);
			dependencies = (
			);
			name = "apollo-mapperPackageDescription";
			productName = "apollo-mapperPackageDescription";
			productType = "com.apple.product-type.framework";
		};
		"apollo-mapper::apollo-mapper" /* apollo-mapper */ = {
			isa = PBXNativeTarget;
			buildConfigurationList = OBJ_249 /* Build configuration list for PBXNativeTarget "apollo-mapper" */;
			buildPhases = (
				OBJ_252 /* Sources */,
				OBJ_259 /* Frameworks */,
			);
			buildRules = (
			);
			dependencies = (
			);
			name = "apollo-mapper";
			productName = apollo_mapper;
			productReference = "apollo-mapper::apollo-mapper::Product" /* apollo_mapper.framework */;
			productType = "com.apple.product-type.framework";
		};
		"sqlite-helper::SwiftPMPackageDescription" /* sqlite-helperPackageDescription */ = {
			isa = PBXNativeTarget;
			buildConfigurationList = OBJ_278 /* Build configuration list for PBXNativeTarget "sqlite-helperPackageDescription" */;
			buildPhases = (
				OBJ_281 /* Sources */,
			);
			buildRules = (
			);
			dependencies = (
			);
			name = "sqlite-helperPackageDescription";
			productName = "sqlite-helperPackageDescription";
			productType = "com.apple.product-type.framework";
		};
		"sqlite-helper::sqlite-helper" /* sqlite-helper */ = {
			isa = PBXNativeTarget;
			buildConfigurationList = OBJ_266 /* Build configuration list for PBXNativeTarget "sqlite-helper" */;
			buildPhases = (
				OBJ_269 /* Sources */,
				OBJ_272 /* Frameworks */,
			);
			buildRules = (
			);
			dependencies = (
				OBJ_275 /* PBXTargetDependency */,
				OBJ_276 /* PBXTargetDependency */,
			);
			name = "sqlite-helper";
			productName = sqlite_helper;
			productReference = "sqlite-helper::sqlite-helper::Product" /* sqlite_helper.framework */;
			productType = "com.apple.product-type.framework";
		};
/* End PBXNativeTarget section */

/* Begin PBXProject section */
		OBJ_1 /* Project object */ = {
			isa = PBXProject;
			attributes = {
				LastUpgradeCheck = 9999;
			};
			buildConfigurationList = OBJ_2 /* Build configuration list for PBXProject "apollo-fetcher" */;
			compatibilityVersion = "Xcode 3.2";
			developmentRegion = English;
			hasScannedForEncodings = 0;
			knownRegions = (
				en,
			);
			mainGroup = OBJ_5 /*  */;
			productRefGroup = OBJ_98 /* Products */;
			projectDirPath = "";
			projectRoot = "";
			targets = (
				"Apollo::Apollo" /* Apollo */,
				"Apollo::SwiftPMPackageDescription" /* ApolloPackageDescription */,
				"SQLite.swift::SQLite" /* SQLite */,
				"SQLite.swift::SwiftPMPackageDescription" /* SQLite.swiftPackageDescription */,
				"apollo-fetcher::apollo-fetcher" /* apollo-fetcher */,
				"apollo-fetcher::apollo-fetcher-storable" /* apollo-fetcher-storable */,
				"apollo-fetcher::SwiftPMPackageDescription" /* apollo-fetcherPackageDescription */,
				"apollo-fetcher::apollo-fetcherPackageTests::ProductTarget" /* apollo-fetcherPackageTests */,
				"apollo-fetcher::apollo-fetcherTests" /* apollo-fetcherTests */,
				"apollo-mapper::apollo-mapper" /* apollo-mapper */,
				"apollo-mapper::SwiftPMPackageDescription" /* apollo-mapperPackageDescription */,
				"sqlite-helper::sqlite-helper" /* sqlite-helper */,
				"sqlite-helper::SwiftPMPackageDescription" /* sqlite-helperPackageDescription */,
			);
		};
/* End PBXProject section */

/* Begin PBXSourcesBuildPhase section */
		OBJ_110 /* Sources */ = {
			isa = PBXSourcesBuildPhase;
			buildActionMask = 0;
			files = (
				OBJ_111 /* ApolloClient.swift in Sources */,
				OBJ_112 /* ApolloStore.swift in Sources */,
				OBJ_113 /* AsynchronousOperation.swift in Sources */,
				OBJ_114 /* Collections.swift in Sources */,
				OBJ_115 /* DataLoader.swift in Sources */,
				OBJ_116 /* GraphQLDependencyTracker.swift in Sources */,
				OBJ_117 /* GraphQLError.swift in Sources */,
				OBJ_118 /* GraphQLExecutor.swift in Sources */,
				OBJ_119 /* GraphQLInputValue.swift in Sources */,
				OBJ_120 /* GraphQLOperation.swift in Sources */,
				OBJ_121 /* GraphQLQueryWatcher.swift in Sources */,
				OBJ_122 /* GraphQLResponse.swift in Sources */,
				OBJ_123 /* GraphQLResponseGenerator.swift in Sources */,
				OBJ_124 /* GraphQLResult.swift in Sources */,
				OBJ_125 /* GraphQLResultAccumulator.swift in Sources */,
				OBJ_126 /* GraphQLResultNormalizer.swift in Sources */,
				OBJ_127 /* GraphQLSelectionSet.swift in Sources */,
				OBJ_128 /* GraphQLSelectionSetMapper.swift in Sources */,
				OBJ_129 /* HTTPNetworkTransport.swift in Sources */,
				OBJ_130 /* InMemoryNormalizedCache.swift in Sources */,
				OBJ_131 /* JSON.swift in Sources */,
				OBJ_132 /* JSONSerializationFormat.swift in Sources */,
				OBJ_133 /* JSONStandardTypeConversions.swift in Sources */,
				OBJ_134 /* Locking.swift in Sources */,
				OBJ_135 /* NetworkTransport.swift in Sources */,
				OBJ_136 /* NormalizedCache.swift in Sources */,
				OBJ_137 /* Promise.swift in Sources */,
				OBJ_138 /* Record.swift in Sources */,
				OBJ_139 /* RecordSet.swift in Sources */,
				OBJ_140 /* Result.swift in Sources */,
				OBJ_141 /* ResultOrPromise.swift in Sources */,
				OBJ_142 /* Utilities.swift in Sources */,
			);
			runOnlyForDeploymentPostprocessing = 0;
		};
		OBJ_148 /* Sources */ = {
			isa = PBXSourcesBuildPhase;
			buildActionMask = 0;
			files = (
				OBJ_149 /* Package.swift in Sources */,
			);
			runOnlyForDeploymentPostprocessing = 0;
		};
		OBJ_154 /* Sources */ = {
			isa = PBXSourcesBuildPhase;
			buildActionMask = 0;
			files = (
				OBJ_155 /* Blob.swift in Sources */,
				OBJ_156 /* Connection.swift in Sources */,
				OBJ_157 /* Errors.swift in Sources */,
				OBJ_158 /* Statement.swift in Sources */,
				OBJ_159 /* Value.swift in Sources */,
				OBJ_160 /* Cipher.swift in Sources */,
				OBJ_161 /* RTree.swift in Sources */,
				OBJ_162 /* Foundation.swift in Sources */,
				OBJ_163 /* Helpers.swift in Sources */,
				OBJ_164 /* AggregateFunctions.swift in Sources */,
				OBJ_165 /* Coding.swift in Sources */,
				OBJ_166 /* Collation.swift in Sources */,
				OBJ_167 /* CoreFunctions.swift in Sources */,
				OBJ_168 /* CustomFunctions.swift in Sources */,
				OBJ_169 /* DateAndTimeFunctions.swift in Sources */,
				OBJ_170 /* Expression.swift in Sources */,
				OBJ_171 /* Operators.swift in Sources */,
				OBJ_172 /* Query.swift in Sources */,
				OBJ_173 /* Schema.swift in Sources */,
				OBJ_174 /* Setter.swift in Sources */,
			);
			runOnlyForDeploymentPostprocessing = 0;
		};
		OBJ_180 /* Sources */ = {
			isa = PBXSourcesBuildPhase;
			buildActionMask = 0;
			files = (
				OBJ_181 /* Package.swift in Sources */,
			);
			runOnlyForDeploymentPostprocessing = 0;
		};
		OBJ_186 /* Sources */ = {
			isa = PBXSourcesBuildPhase;
			buildActionMask = 0;
			files = (
				OBJ_187 /* Fetchable.swift in Sources */,
				OBJ_188 /* Performable.swift in Sources */,
				OBJ_189 /* Querible.swift in Sources */,
				OBJ_190 /* QueryError.swift in Sources */,
				OBJ_191 /* QueryResult.swift in Sources */,
			);
			runOnlyForDeploymentPostprocessing = 0;
		};
		OBJ_202 /* Sources */ = {
			isa = PBXSourcesBuildPhase;
			buildActionMask = 0;
			files = (
				OBJ_203 /* SavebleContext.swift in Sources */,
				OBJ_204 /* StorableFetch.swift in Sources */,
				OBJ_205 /* UpdatebleFetch.swift in Sources */,
			);
			runOnlyForDeploymentPostprocessing = 0;
		};
		OBJ_222 /* Sources */ = {
			isa = PBXSourcesBuildPhase;
			buildActionMask = 0;
			files = (
				OBJ_223 /* Package.swift in Sources */,
			);
			runOnlyForDeploymentPostprocessing = 0;
		};
		OBJ_233 /* Sources */ = {
			isa = PBXSourcesBuildPhase;
			buildActionMask = 0;
			files = (
				OBJ_234 /* API.swift in Sources */,
				OBJ_235 /* apollo_fetcherTests.swift in Sources */,
			);
			runOnlyForDeploymentPostprocessing = 0;
		};
		OBJ_252 /* Sources */ = {
			isa = PBXSourcesBuildPhase;
			buildActionMask = 0;
			files = (
				OBJ_253 /* Mappable.swift in Sources */,
				OBJ_254 /* Mapper.swift in Sources */,
				OBJ_255 /* MapperStorage.swift in Sources */,
				OBJ_256 /* MapperStorageTransactionSplitter.swift in Sources */,
				OBJ_257 /* MappingError.swift in Sources */,
				OBJ_258 /* TransformTypes.swift in Sources */,
			);
			runOnlyForDeploymentPostprocessing = 0;
		};
		OBJ_264 /* Sources */ = {
			isa = PBXSourcesBuildPhase;
			buildActionMask = 0;
			files = (
				OBJ_265 /* Package.swift in Sources */,
			);
			runOnlyForDeploymentPostprocessing = 0;
		};
		OBJ_269 /* Sources */ = {
			isa = PBXSourcesBuildPhase;
			buildActionMask = 0;
			files = (
				OBJ_270 /* Storable.swift in Sources */,
				OBJ_271 /* Storege.swift in Sources */,
			);
			runOnlyForDeploymentPostprocessing = 0;
		};
		OBJ_281 /* Sources */ = {
			isa = PBXSourcesBuildPhase;
			buildActionMask = 0;
			files = (
				OBJ_282 /* Package.swift in Sources */,
			);
			runOnlyForDeploymentPostprocessing = 0;
		};
/* End PBXSourcesBuildPhase section */

/* Begin PBXTargetDependency section */
		OBJ_195 /* PBXTargetDependency */ = {
			isa = PBXTargetDependency;
			target = "apollo-mapper::apollo-mapper" /* apollo-mapper */;
			targetProxy = 155AA10520891B8C00CF0872 /* PBXContainerItemProxy */;
		};
		OBJ_197 /* PBXTargetDependency */ = {
			isa = PBXTargetDependency;
			target = "Apollo::Apollo" /* Apollo */;
			targetProxy = 155AA10620891B8C00CF0872 /* PBXContainerItemProxy */;
		};
		OBJ_212 /* PBXTargetDependency */ = {
			isa = PBXTargetDependency;
			target = "sqlite-helper::sqlite-helper" /* sqlite-helper */;
			targetProxy = 155AA10020891B8C00CF0872 /* PBXContainerItemProxy */;
		};
		OBJ_214 /* PBXTargetDependency */ = {
			isa = PBXTargetDependency;
			target = "SQLite.swift::SQLite" /* SQLite */;
			targetProxy = 155AA10320891B8C00CF0872 /* PBXContainerItemProxy */;
		};
		OBJ_215 /* PBXTargetDependency */ = {
			isa = PBXTargetDependency;
			target = "apollo-fetcher::apollo-fetcher" /* apollo-fetcher */;
			targetProxy = 155AA10420891B8C00CF0872 /* PBXContainerItemProxy */;
		};
		OBJ_216 /* PBXTargetDependency */ = {
			isa = PBXTargetDependency;
			target = "apollo-mapper::apollo-mapper" /* apollo-mapper */;
			targetProxy = 155AA10720891B8C00CF0872 /* PBXContainerItemProxy */;
		};
		OBJ_217 /* PBXTargetDependency */ = {
			isa = PBXTargetDependency;
			target = "Apollo::Apollo" /* Apollo */;
			targetProxy = 155AA10820891B8C00CF0872 /* PBXContainerItemProxy */;
		};
		OBJ_228 /* PBXTargetDependency */ = {
			isa = PBXTargetDependency;
			target = "apollo-fetcher::apollo-fetcherTests" /* apollo-fetcherTests */;
			targetProxy = 155AA10F20891B8E00CF0872 /* PBXContainerItemProxy */;
		};
		OBJ_243 /* PBXTargetDependency */ = {
			isa = PBXTargetDependency;
			target = "apollo-fetcher::apollo-fetcher-storable" /* apollo-fetcher-storable */;
			targetProxy = 155AA10920891B8C00CF0872 /* PBXContainerItemProxy */;
		};
		OBJ_244 /* PBXTargetDependency */ = {
			isa = PBXTargetDependency;
			target = "sqlite-helper::sqlite-helper" /* sqlite-helper */;
			targetProxy = 155AA10A20891B8C00CF0872 /* PBXContainerItemProxy */;
		};
		OBJ_245 /* PBXTargetDependency */ = {
			isa = PBXTargetDependency;
			target = "SQLite.swift::SQLite" /* SQLite */;
			targetProxy = 155AA10B20891B8C00CF0872 /* PBXContainerItemProxy */;
		};
		OBJ_246 /* PBXTargetDependency */ = {
			isa = PBXTargetDependency;
			target = "apollo-fetcher::apollo-fetcher" /* apollo-fetcher */;
			targetProxy = 155AA10C20891B8C00CF0872 /* PBXContainerItemProxy */;
		};
		OBJ_247 /* PBXTargetDependency */ = {
			isa = PBXTargetDependency;
			target = "apollo-mapper::apollo-mapper" /* apollo-mapper */;
			targetProxy = 155AA10D20891B8C00CF0872 /* PBXContainerItemProxy */;
		};
		OBJ_248 /* PBXTargetDependency */ = {
			isa = PBXTargetDependency;
			target = "Apollo::Apollo" /* Apollo */;
			targetProxy = 155AA10E20891B8C00CF0872 /* PBXContainerItemProxy */;
		};
		OBJ_275 /* PBXTargetDependency */ = {
			isa = PBXTargetDependency;
			target = "apollo-mapper::apollo-mapper" /* apollo-mapper */;
			targetProxy = 155AA10120891B8C00CF0872 /* PBXContainerItemProxy */;
		};
		OBJ_276 /* PBXTargetDependency */ = {
			isa = PBXTargetDependency;
			target = "SQLite.swift::SQLite" /* SQLite */;
			targetProxy = 155AA10220891B8C00CF0872 /* PBXContainerItemProxy */;
		};
/* End PBXTargetDependency section */

/* Begin XCBuildConfiguration section */
		OBJ_108 /* Debug */ = {
			isa = XCBuildConfiguration;
			buildSettings = {
				ENABLE_TESTABILITY = YES;
				FRAMEWORK_SEARCH_PATHS = (
					"$(inherited)",
					"$(PLATFORM_DIR)/Developer/Library/Frameworks",
				);
				HEADER_SEARCH_PATHS = "$(inherited)";
				INFOPLIST_FILE = "apollo-fetcher.xcodeproj/Apollo_Info.plist";
				LD_RUNPATH_SEARCH_PATHS = "$(inherited) $(TOOLCHAIN_DIR)/usr/lib/swift/macosx";
				OTHER_CFLAGS = "$(inherited)";
				OTHER_LDFLAGS = "$(inherited)";
				OTHER_SWIFT_FLAGS = "$(inherited)";
				PRODUCT_BUNDLE_IDENTIFIER = Apollo;
				PRODUCT_MODULE_NAME = "$(TARGET_NAME:c99extidentifier)";
				PRODUCT_NAME = "$(TARGET_NAME:c99extidentifier)";
				SKIP_INSTALL = YES;
				SWIFT_VERSION = 4.0;
				TARGET_NAME = Apollo;
			};
			name = Debug;
		};
		OBJ_109 /* Release */ = {
			isa = XCBuildConfiguration;
			buildSettings = {
				ENABLE_TESTABILITY = YES;
				FRAMEWORK_SEARCH_PATHS = (
					"$(inherited)",
					"$(PLATFORM_DIR)/Developer/Library/Frameworks",
				);
				HEADER_SEARCH_PATHS = "$(inherited)";
				INFOPLIST_FILE = "apollo-fetcher.xcodeproj/Apollo_Info.plist";
				LD_RUNPATH_SEARCH_PATHS = "$(inherited) $(TOOLCHAIN_DIR)/usr/lib/swift/macosx";
				OTHER_CFLAGS = "$(inherited)";
				OTHER_LDFLAGS = "$(inherited)";
				OTHER_SWIFT_FLAGS = "$(inherited)";
				PRODUCT_BUNDLE_IDENTIFIER = Apollo;
				PRODUCT_MODULE_NAME = "$(TARGET_NAME:c99extidentifier)";
				PRODUCT_NAME = "$(TARGET_NAME:c99extidentifier)";
				SKIP_INSTALL = YES;
				SWIFT_VERSION = 4.0;
				TARGET_NAME = Apollo;
			};
			name = Release;
		};
		OBJ_146 /* Debug */ = {
			isa = XCBuildConfiguration;
			buildSettings = {
				LD = /usr/bin/true;
				OTHER_SWIFT_FLAGS = "-swift-version 4 -I $(TOOLCHAIN_DIR)/usr/lib/swift/pm/4 -target x86_64-apple-macosx10.10 -sdk /Applications/Xcode.app/Contents/Developer/Platforms/MacOSX.platform/Developer/SDKs/MacOSX10.13.sdk";
				SWIFT_VERSION = 4.0;
			};
			name = Debug;
		};
		OBJ_147 /* Release */ = {
			isa = XCBuildConfiguration;
			buildSettings = {
				LD = /usr/bin/true;
				OTHER_SWIFT_FLAGS = "-swift-version 4 -I $(TOOLCHAIN_DIR)/usr/lib/swift/pm/4 -target x86_64-apple-macosx10.10 -sdk /Applications/Xcode.app/Contents/Developer/Platforms/MacOSX.platform/Developer/SDKs/MacOSX10.13.sdk";
				SWIFT_VERSION = 4.0;
			};
			name = Release;
		};
		OBJ_152 /* Debug */ = {
			isa = XCBuildConfiguration;
			buildSettings = {
				ENABLE_TESTABILITY = YES;
				FRAMEWORK_SEARCH_PATHS = (
					"$(inherited)",
					"$(PLATFORM_DIR)/Developer/Library/Frameworks",
				);
				HEADER_SEARCH_PATHS = (
					"$(inherited)",
					"$(SRCROOT)/.build/checkouts/CSQLite.git--7198369828177818605",
				);
				INFOPLIST_FILE = "apollo-fetcher.xcodeproj/SQLite_Info.plist";
				LD_RUNPATH_SEARCH_PATHS = "$(inherited) $(TOOLCHAIN_DIR)/usr/lib/swift/macosx";
				OTHER_CFLAGS = "$(inherited)";
				OTHER_LDFLAGS = "$(inherited)";
				OTHER_SWIFT_FLAGS = "$(inherited)";
				PRODUCT_BUNDLE_IDENTIFIER = SQLite;
				PRODUCT_MODULE_NAME = "$(TARGET_NAME:c99extidentifier)";
				PRODUCT_NAME = "$(TARGET_NAME:c99extidentifier)";
				SKIP_INSTALL = YES;
				SWIFT_VERSION = 4.0;
				TARGET_NAME = SQLite;
			};
			name = Debug;
		};
		OBJ_153 /* Release */ = {
			isa = XCBuildConfiguration;
			buildSettings = {
				ENABLE_TESTABILITY = YES;
				FRAMEWORK_SEARCH_PATHS = (
					"$(inherited)",
					"$(PLATFORM_DIR)/Developer/Library/Frameworks",
				);
				HEADER_SEARCH_PATHS = (
					"$(inherited)",
					"$(SRCROOT)/.build/checkouts/CSQLite.git--7198369828177818605",
				);
				INFOPLIST_FILE = "apollo-fetcher.xcodeproj/SQLite_Info.plist";
				LD_RUNPATH_SEARCH_PATHS = "$(inherited) $(TOOLCHAIN_DIR)/usr/lib/swift/macosx";
				OTHER_CFLAGS = "$(inherited)";
				OTHER_LDFLAGS = "$(inherited)";
				OTHER_SWIFT_FLAGS = "$(inherited)";
				PRODUCT_BUNDLE_IDENTIFIER = SQLite;
				PRODUCT_MODULE_NAME = "$(TARGET_NAME:c99extidentifier)";
				PRODUCT_NAME = "$(TARGET_NAME:c99extidentifier)";
				SKIP_INSTALL = YES;
				SWIFT_VERSION = 4.0;
				TARGET_NAME = SQLite;
			};
			name = Release;
		};
		OBJ_178 /* Debug */ = {
			isa = XCBuildConfiguration;
			buildSettings = {
				LD = /usr/bin/true;
				OTHER_SWIFT_FLAGS = "-swift-version 4 -I $(TOOLCHAIN_DIR)/usr/lib/swift/pm/4 -target x86_64-apple-macosx10.10 -sdk /Applications/Xcode.app/Contents/Developer/Platforms/MacOSX.platform/Developer/SDKs/MacOSX10.13.sdk";
				SWIFT_VERSION = 4.0;
			};
			name = Debug;
		};
		OBJ_179 /* Release */ = {
			isa = XCBuildConfiguration;
			buildSettings = {
				LD = /usr/bin/true;
				OTHER_SWIFT_FLAGS = "-swift-version 4 -I $(TOOLCHAIN_DIR)/usr/lib/swift/pm/4 -target x86_64-apple-macosx10.10 -sdk /Applications/Xcode.app/Contents/Developer/Platforms/MacOSX.platform/Developer/SDKs/MacOSX10.13.sdk";
				SWIFT_VERSION = 4.0;
			};
			name = Release;
		};
		OBJ_184 /* Debug */ = {
			isa = XCBuildConfiguration;
			buildSettings = {
				ENABLE_TESTABILITY = YES;
				FRAMEWORK_SEARCH_PATHS = (
					"$(inherited)",
					"$(PLATFORM_DIR)/Developer/Library/Frameworks",
				);
				HEADER_SEARCH_PATHS = "$(inherited)";
				INFOPLIST_FILE = "apollo-fetcher.xcodeproj/apollo_fetcher_Info.plist";
				LD_RUNPATH_SEARCH_PATHS = "$(inherited) $(TOOLCHAIN_DIR)/usr/lib/swift/macosx";
				OTHER_CFLAGS = "$(inherited)";
				OTHER_LDFLAGS = "$(inherited)";
				OTHER_SWIFT_FLAGS = "$(inherited)";
				PRODUCT_BUNDLE_IDENTIFIER = "apollo-fetcher";
				PRODUCT_MODULE_NAME = "$(TARGET_NAME:c99extidentifier)";
				PRODUCT_NAME = "$(TARGET_NAME:c99extidentifier)";
				SKIP_INSTALL = YES;
				SWIFT_VERSION = 4.0;
				TARGET_NAME = "apollo-fetcher";
			};
			name = Debug;
		};
		OBJ_185 /* Release */ = {
			isa = XCBuildConfiguration;
			buildSettings = {
				ENABLE_TESTABILITY = YES;
				FRAMEWORK_SEARCH_PATHS = (
					"$(inherited)",
					"$(PLATFORM_DIR)/Developer/Library/Frameworks",
				);
				HEADER_SEARCH_PATHS = "$(inherited)";
				INFOPLIST_FILE = "apollo-fetcher.xcodeproj/apollo_fetcher_Info.plist";
				LD_RUNPATH_SEARCH_PATHS = "$(inherited) $(TOOLCHAIN_DIR)/usr/lib/swift/macosx";
				OTHER_CFLAGS = "$(inherited)";
				OTHER_LDFLAGS = "$(inherited)";
				OTHER_SWIFT_FLAGS = "$(inherited)";
				PRODUCT_BUNDLE_IDENTIFIER = "apollo-fetcher";
				PRODUCT_MODULE_NAME = "$(TARGET_NAME:c99extidentifier)";
				PRODUCT_NAME = "$(TARGET_NAME:c99extidentifier)";
				SKIP_INSTALL = YES;
				SWIFT_VERSION = 4.0;
				TARGET_NAME = "apollo-fetcher";
			};
			name = Release;
		};
		OBJ_200 /* Debug */ = {
			isa = XCBuildConfiguration;
			buildSettings = {
				ENABLE_TESTABILITY = YES;
				FRAMEWORK_SEARCH_PATHS = (
					"$(inherited)",
					"$(PLATFORM_DIR)/Developer/Library/Frameworks",
				);
				HEADER_SEARCH_PATHS = (
					"$(inherited)",
					"$(SRCROOT)/.build/checkouts/CSQLite.git--7198369828177818605",
				);
				INFOPLIST_FILE = "apollo-fetcher.xcodeproj/apollo_fetcher_storable_Info.plist";
				LD_RUNPATH_SEARCH_PATHS = "$(inherited) $(TOOLCHAIN_DIR)/usr/lib/swift/macosx";
				OTHER_CFLAGS = "$(inherited)";
				OTHER_LDFLAGS = "$(inherited)";
				OTHER_SWIFT_FLAGS = "$(inherited)";
				PRODUCT_BUNDLE_IDENTIFIER = "apollo-fetcher-storable";
				PRODUCT_MODULE_NAME = "$(TARGET_NAME:c99extidentifier)";
				PRODUCT_NAME = "$(TARGET_NAME:c99extidentifier)";
				SKIP_INSTALL = YES;
				SWIFT_VERSION = 4.0;
				TARGET_NAME = "apollo-fetcher-storable";
			};
			name = Debug;
		};
		OBJ_201 /* Release */ = {
			isa = XCBuildConfiguration;
			buildSettings = {
				ENABLE_TESTABILITY = YES;
				FRAMEWORK_SEARCH_PATHS = (
					"$(inherited)",
					"$(PLATFORM_DIR)/Developer/Library/Frameworks",
				);
				HEADER_SEARCH_PATHS = (
					"$(inherited)",
					"$(SRCROOT)/.build/checkouts/CSQLite.git--7198369828177818605",
				);
				INFOPLIST_FILE = "apollo-fetcher.xcodeproj/apollo_fetcher_storable_Info.plist";
				LD_RUNPATH_SEARCH_PATHS = "$(inherited) $(TOOLCHAIN_DIR)/usr/lib/swift/macosx";
				OTHER_CFLAGS = "$(inherited)";
				OTHER_LDFLAGS = "$(inherited)";
				OTHER_SWIFT_FLAGS = "$(inherited)";
				PRODUCT_BUNDLE_IDENTIFIER = "apollo-fetcher-storable";
				PRODUCT_MODULE_NAME = "$(TARGET_NAME:c99extidentifier)";
				PRODUCT_NAME = "$(TARGET_NAME:c99extidentifier)";
				SKIP_INSTALL = YES;
				SWIFT_VERSION = 4.0;
				TARGET_NAME = "apollo-fetcher-storable";
			};
			name = Release;
		};
		OBJ_220 /* Debug */ = {
			isa = XCBuildConfiguration;
			buildSettings = {
				LD = /usr/bin/true;
				OTHER_SWIFT_FLAGS = "-swift-version 4 -I $(TOOLCHAIN_DIR)/usr/lib/swift/pm/4 -target x86_64-apple-macosx10.10 -sdk /Applications/Xcode.app/Contents/Developer/Platforms/MacOSX.platform/Developer/SDKs/MacOSX10.13.sdk";
				SWIFT_VERSION = 4.0;
			};
			name = Debug;
		};
		OBJ_221 /* Release */ = {
			isa = XCBuildConfiguration;
			buildSettings = {
				LD = /usr/bin/true;
				OTHER_SWIFT_FLAGS = "-swift-version 4 -I $(TOOLCHAIN_DIR)/usr/lib/swift/pm/4 -target x86_64-apple-macosx10.10 -sdk /Applications/Xcode.app/Contents/Developer/Platforms/MacOSX.platform/Developer/SDKs/MacOSX10.13.sdk";
				SWIFT_VERSION = 4.0;
			};
			name = Release;
		};
		OBJ_226 /* Debug */ = {
			isa = XCBuildConfiguration;
			buildSettings = {
			};
			name = Debug;
		};
		OBJ_227 /* Release */ = {
			isa = XCBuildConfiguration;
			buildSettings = {
			};
			name = Release;
		};
		OBJ_231 /* Debug */ = {
			isa = XCBuildConfiguration;
			buildSettings = {
				EMBEDDED_CONTENT_CONTAINS_SWIFT = YES;
				FRAMEWORK_SEARCH_PATHS = (
					"$(inherited)",
					"$(PLATFORM_DIR)/Developer/Library/Frameworks",
				);
				HEADER_SEARCH_PATHS = (
					"$(inherited)",
					"$(SRCROOT)/.build/checkouts/CSQLite.git--7198369828177818605",
				);
				INFOPLIST_FILE = "apollo-fetcher.xcodeproj/apollo_fetcherTests_Info.plist";
				LD_RUNPATH_SEARCH_PATHS = "$(inherited) @loader_path/../Frameworks @loader_path/Frameworks";
				OTHER_CFLAGS = "$(inherited)";
				OTHER_LDFLAGS = "$(inherited)";
				OTHER_SWIFT_FLAGS = "$(inherited)";
				SWIFT_VERSION = 4.0;
				TARGET_NAME = "apollo-fetcherTests";
			};
			name = Debug;
		};
		OBJ_232 /* Release */ = {
			isa = XCBuildConfiguration;
			buildSettings = {
				EMBEDDED_CONTENT_CONTAINS_SWIFT = YES;
				FRAMEWORK_SEARCH_PATHS = (
					"$(inherited)",
					"$(PLATFORM_DIR)/Developer/Library/Frameworks",
				);
				HEADER_SEARCH_PATHS = (
					"$(inherited)",
					"$(SRCROOT)/.build/checkouts/CSQLite.git--7198369828177818605",
				);
				INFOPLIST_FILE = "apollo-fetcher.xcodeproj/apollo_fetcherTests_Info.plist";
				LD_RUNPATH_SEARCH_PATHS = "$(inherited) @loader_path/../Frameworks @loader_path/Frameworks";
				OTHER_CFLAGS = "$(inherited)";
				OTHER_LDFLAGS = "$(inherited)";
				OTHER_SWIFT_FLAGS = "$(inherited)";
				SWIFT_VERSION = 4.0;
				TARGET_NAME = "apollo-fetcherTests";
			};
			name = Release;
		};
		OBJ_250 /* Debug */ = {
			isa = XCBuildConfiguration;
			buildSettings = {
				ENABLE_TESTABILITY = YES;
				FRAMEWORK_SEARCH_PATHS = (
					"$(inherited)",
					"$(PLATFORM_DIR)/Developer/Library/Frameworks",
				);
				HEADER_SEARCH_PATHS = "$(inherited)";
				INFOPLIST_FILE = "apollo-fetcher.xcodeproj/apollo_mapper_Info.plist";
				LD_RUNPATH_SEARCH_PATHS = "$(inherited) $(TOOLCHAIN_DIR)/usr/lib/swift/macosx";
				OTHER_CFLAGS = "$(inherited)";
				OTHER_LDFLAGS = "$(inherited)";
				OTHER_SWIFT_FLAGS = "$(inherited)";
				PRODUCT_BUNDLE_IDENTIFIER = "apollo-mapper";
				PRODUCT_MODULE_NAME = "$(TARGET_NAME:c99extidentifier)";
				PRODUCT_NAME = "$(TARGET_NAME:c99extidentifier)";
				SKIP_INSTALL = YES;
				SWIFT_VERSION = 4.0;
				TARGET_NAME = "apollo-mapper";
			};
			name = Debug;
		};
		OBJ_251 /* Release */ = {
			isa = XCBuildConfiguration;
			buildSettings = {
				ENABLE_TESTABILITY = YES;
				FRAMEWORK_SEARCH_PATHS = (
					"$(inherited)",
					"$(PLATFORM_DIR)/Developer/Library/Frameworks",
				);
				HEADER_SEARCH_PATHS = "$(inherited)";
				INFOPLIST_FILE = "apollo-fetcher.xcodeproj/apollo_mapper_Info.plist";
				LD_RUNPATH_SEARCH_PATHS = "$(inherited) $(TOOLCHAIN_DIR)/usr/lib/swift/macosx";
				OTHER_CFLAGS = "$(inherited)";
				OTHER_LDFLAGS = "$(inherited)";
				OTHER_SWIFT_FLAGS = "$(inherited)";
				PRODUCT_BUNDLE_IDENTIFIER = "apollo-mapper";
				PRODUCT_MODULE_NAME = "$(TARGET_NAME:c99extidentifier)";
				PRODUCT_NAME = "$(TARGET_NAME:c99extidentifier)";
				SKIP_INSTALL = YES;
				SWIFT_VERSION = 4.0;
				TARGET_NAME = "apollo-mapper";
			};
			name = Release;
		};
		OBJ_262 /* Debug */ = {
			isa = XCBuildConfiguration;
			buildSettings = {
				LD = /usr/bin/true;
				OTHER_SWIFT_FLAGS = "-swift-version 4 -I $(TOOLCHAIN_DIR)/usr/lib/swift/pm/4 -target x86_64-apple-macosx10.10 -sdk /Applications/Xcode.app/Contents/Developer/Platforms/MacOSX.platform/Developer/SDKs/MacOSX10.13.sdk";
				SWIFT_VERSION = 4.0;
			};
			name = Debug;
		};
		OBJ_263 /* Release */ = {
			isa = XCBuildConfiguration;
			buildSettings = {
				LD = /usr/bin/true;
				OTHER_SWIFT_FLAGS = "-swift-version 4 -I $(TOOLCHAIN_DIR)/usr/lib/swift/pm/4 -target x86_64-apple-macosx10.10 -sdk /Applications/Xcode.app/Contents/Developer/Platforms/MacOSX.platform/Developer/SDKs/MacOSX10.13.sdk";
				SWIFT_VERSION = 4.0;
			};
			name = Release;
		};
		OBJ_267 /* Debug */ = {
			isa = XCBuildConfiguration;
			buildSettings = {
				ENABLE_TESTABILITY = YES;
				FRAMEWORK_SEARCH_PATHS = (
					"$(inherited)",
					"$(PLATFORM_DIR)/Developer/Library/Frameworks",
				);
				HEADER_SEARCH_PATHS = (
					"$(inherited)",
					"$(SRCROOT)/.build/checkouts/CSQLite.git--7198369828177818605",
				);
				INFOPLIST_FILE = "apollo-fetcher.xcodeproj/sqlite_helper_Info.plist";
				LD_RUNPATH_SEARCH_PATHS = "$(inherited) $(TOOLCHAIN_DIR)/usr/lib/swift/macosx";
				OTHER_CFLAGS = "$(inherited)";
				OTHER_LDFLAGS = "$(inherited)";
				OTHER_SWIFT_FLAGS = "$(inherited)";
				PRODUCT_BUNDLE_IDENTIFIER = "sqlite-helper";
				PRODUCT_MODULE_NAME = "$(TARGET_NAME:c99extidentifier)";
				PRODUCT_NAME = "$(TARGET_NAME:c99extidentifier)";
				SKIP_INSTALL = YES;
				SWIFT_VERSION = 4.0;
				TARGET_NAME = "sqlite-helper";
			};
			name = Debug;
		};
		OBJ_268 /* Release */ = {
			isa = XCBuildConfiguration;
			buildSettings = {
				ENABLE_TESTABILITY = YES;
				FRAMEWORK_SEARCH_PATHS = (
					"$(inherited)",
					"$(PLATFORM_DIR)/Developer/Library/Frameworks",
				);
				HEADER_SEARCH_PATHS = (
					"$(inherited)",
					"$(SRCROOT)/.build/checkouts/CSQLite.git--7198369828177818605",
				);
				INFOPLIST_FILE = "apollo-fetcher.xcodeproj/sqlite_helper_Info.plist";
				LD_RUNPATH_SEARCH_PATHS = "$(inherited) $(TOOLCHAIN_DIR)/usr/lib/swift/macosx";
				OTHER_CFLAGS = "$(inherited)";
				OTHER_LDFLAGS = "$(inherited)";
				OTHER_SWIFT_FLAGS = "$(inherited)";
				PRODUCT_BUNDLE_IDENTIFIER = "sqlite-helper";
				PRODUCT_MODULE_NAME = "$(TARGET_NAME:c99extidentifier)";
				PRODUCT_NAME = "$(TARGET_NAME:c99extidentifier)";
				SKIP_INSTALL = YES;
				SWIFT_VERSION = 4.0;
				TARGET_NAME = "sqlite-helper";
			};
			name = Release;
		};
		OBJ_279 /* Debug */ = {
			isa = XCBuildConfiguration;
			buildSettings = {
				LD = /usr/bin/true;
				OTHER_SWIFT_FLAGS = "-swift-version 4 -I $(TOOLCHAIN_DIR)/usr/lib/swift/pm/4 -target x86_64-apple-macosx10.10 -sdk /Applications/Xcode.app/Contents/Developer/Platforms/MacOSX.platform/Developer/SDKs/MacOSX10.13.sdk";
				SWIFT_VERSION = 4.0;
			};
			name = Debug;
		};
		OBJ_280 /* Release */ = {
			isa = XCBuildConfiguration;
			buildSettings = {
				LD = /usr/bin/true;
				OTHER_SWIFT_FLAGS = "-swift-version 4 -I $(TOOLCHAIN_DIR)/usr/lib/swift/pm/4 -target x86_64-apple-macosx10.10 -sdk /Applications/Xcode.app/Contents/Developer/Platforms/MacOSX.platform/Developer/SDKs/MacOSX10.13.sdk";
				SWIFT_VERSION = 4.0;
			};
			name = Release;
		};
		OBJ_3 /* Debug */ = {
			isa = XCBuildConfiguration;
			buildSettings = {
				CLANG_ENABLE_OBJC_ARC = YES;
				COMBINE_HIDPI_IMAGES = YES;
				COPY_PHASE_STRIP = NO;
				DEBUG_INFORMATION_FORMAT = dwarf;
				DYLIB_INSTALL_NAME_BASE = "@rpath";
				ENABLE_NS_ASSERTIONS = YES;
				GCC_OPTIMIZATION_LEVEL = 0;
				MACOSX_DEPLOYMENT_TARGET = 10.10;
				ONLY_ACTIVE_ARCH = YES;
				OTHER_SWIFT_FLAGS = "-DXcode";
				PRODUCT_NAME = "$(TARGET_NAME)";
				SDKROOT = macosx;
				SUPPORTED_PLATFORMS = "macosx iphoneos iphonesimulator appletvos appletvsimulator watchos watchsimulator";
				SWIFT_ACTIVE_COMPILATION_CONDITIONS = SWIFT_PACKAGE;
				SWIFT_OPTIMIZATION_LEVEL = "-Onone";
				USE_HEADERMAP = NO;
			};
			name = Debug;
		};
		OBJ_4 /* Release */ = {
			isa = XCBuildConfiguration;
			buildSettings = {
				CLANG_ENABLE_OBJC_ARC = YES;
				COMBINE_HIDPI_IMAGES = YES;
				COPY_PHASE_STRIP = YES;
				DEBUG_INFORMATION_FORMAT = "dwarf-with-dsym";
				DYLIB_INSTALL_NAME_BASE = "@rpath";
				GCC_OPTIMIZATION_LEVEL = s;
				MACOSX_DEPLOYMENT_TARGET = 10.10;
				OTHER_SWIFT_FLAGS = "-DXcode";
				PRODUCT_NAME = "$(TARGET_NAME)";
				SDKROOT = macosx;
				SUPPORTED_PLATFORMS = "macosx iphoneos iphonesimulator appletvos appletvsimulator watchos watchsimulator";
				SWIFT_ACTIVE_COMPILATION_CONDITIONS = SWIFT_PACKAGE;
				SWIFT_OPTIMIZATION_LEVEL = "-Owholemodule";
				USE_HEADERMAP = NO;
			};
			name = Release;
		};
/* End XCBuildConfiguration section */

/* Begin XCConfigurationList section */
		OBJ_107 /* Build configuration list for PBXNativeTarget "Apollo" */ = {
			isa = XCConfigurationList;
			buildConfigurations = (
				OBJ_108 /* Debug */,
				OBJ_109 /* Release */,
			);
			defaultConfigurationIsVisible = 0;
			defaultConfigurationName = Release;
		};
		OBJ_145 /* Build configuration list for PBXNativeTarget "ApolloPackageDescription" */ = {
			isa = XCConfigurationList;
			buildConfigurations = (
				OBJ_146 /* Debug */,
				OBJ_147 /* Release */,
			);
			defaultConfigurationIsVisible = 0;
			defaultConfigurationName = Release;
		};
		OBJ_151 /* Build configuration list for PBXNativeTarget "SQLite" */ = {
			isa = XCConfigurationList;
			buildConfigurations = (
				OBJ_152 /* Debug */,
				OBJ_153 /* Release */,
			);
			defaultConfigurationIsVisible = 0;
			defaultConfigurationName = Release;
		};
		OBJ_177 /* Build configuration list for PBXNativeTarget "SQLite.swiftPackageDescription" */ = {
			isa = XCConfigurationList;
			buildConfigurations = (
				OBJ_178 /* Debug */,
				OBJ_179 /* Release */,
			);
			defaultConfigurationIsVisible = 0;
			defaultConfigurationName = Release;
		};
		OBJ_183 /* Build configuration list for PBXNativeTarget "apollo-fetcher" */ = {
			isa = XCConfigurationList;
			buildConfigurations = (
				OBJ_184 /* Debug */,
				OBJ_185 /* Release */,
			);
			defaultConfigurationIsVisible = 0;
			defaultConfigurationName = Release;
		};
		OBJ_199 /* Build configuration list for PBXNativeTarget "apollo-fetcher-storable" */ = {
			isa = XCConfigurationList;
			buildConfigurations = (
				OBJ_200 /* Debug */,
				OBJ_201 /* Release */,
			);
			defaultConfigurationIsVisible = 0;
			defaultConfigurationName = Release;
		};
		OBJ_2 /* Build configuration list for PBXProject "apollo-fetcher" */ = {
			isa = XCConfigurationList;
			buildConfigurations = (
				OBJ_3 /* Debug */,
				OBJ_4 /* Release */,
			);
			defaultConfigurationIsVisible = 0;
			defaultConfigurationName = Release;
		};
		OBJ_219 /* Build configuration list for PBXNativeTarget "apollo-fetcherPackageDescription" */ = {
			isa = XCConfigurationList;
			buildConfigurations = (
				OBJ_220 /* Debug */,
				OBJ_221 /* Release */,
			);
			defaultConfigurationIsVisible = 0;
			defaultConfigurationName = Release;
		};
		OBJ_225 /* Build configuration list for PBXAggregateTarget "apollo-fetcherPackageTests" */ = {
			isa = XCConfigurationList;
			buildConfigurations = (
				OBJ_226 /* Debug */,
				OBJ_227 /* Release */,
			);
			defaultConfigurationIsVisible = 0;
			defaultConfigurationName = Release;
		};
		OBJ_230 /* Build configuration list for PBXNativeTarget "apollo-fetcherTests" */ = {
			isa = XCConfigurationList;
			buildConfigurations = (
				OBJ_231 /* Debug */,
				OBJ_232 /* Release */,
			);
			defaultConfigurationIsVisible = 0;
			defaultConfigurationName = Release;
		};
		OBJ_249 /* Build configuration list for PBXNativeTarget "apollo-mapper" */ = {
			isa = XCConfigurationList;
			buildConfigurations = (
				OBJ_250 /* Debug */,
				OBJ_251 /* Release */,
			);
			defaultConfigurationIsVisible = 0;
			defaultConfigurationName = Release;
		};
		OBJ_261 /* Build configuration list for PBXNativeTarget "apollo-mapperPackageDescription" */ = {
			isa = XCConfigurationList;
			buildConfigurations = (
				OBJ_262 /* Debug */,
				OBJ_263 /* Release */,
			);
			defaultConfigurationIsVisible = 0;
			defaultConfigurationName = Release;
		};
		OBJ_266 /* Build configuration list for PBXNativeTarget "sqlite-helper" */ = {
			isa = XCConfigurationList;
			buildConfigurations = (
				OBJ_267 /* Debug */,
				OBJ_268 /* Release */,
			);
			defaultConfigurationIsVisible = 0;
			defaultConfigurationName = Release;
		};
		OBJ_278 /* Build configuration list for PBXNativeTarget "sqlite-helperPackageDescription" */ = {
			isa = XCConfigurationList;
			buildConfigurations = (
				OBJ_279 /* Debug */,
				OBJ_280 /* Release */,
			);
			defaultConfigurationIsVisible = 0;
			defaultConfigurationName = Release;
		};
/* End XCConfigurationList section */
	};
	rootObject = OBJ_1 /* Project object */;
}
